
Microsoft Visual Studio Solution File, Format Version 12.00
# Visual Studio Version 17
VisualStudioVersion = 17.1.32210.238
MinimumVisualStudioVersion = 10.0.40219.1
Project("{9A19103F-16F7-4668-BE54-9A1E7A4F7556}") = "ProjectLapDay2", "ProjectLapDay2\ProjectLapDay2.csproj", "{A28BBAA2-3034-419A-8632-688993DCFBE5}"
EndProject
Project("{FAE04EC0-301F-11D3-BF4B-00C04F79EFBC}") = "Depenancy", "Depenancy\Depenancy.csproj", "{B1465F46-1C09-423A-8204-002715F28A69}"
EndProject
Global
	GlobalSection(SolutionConfigurationPlatforms) = preSolution
		Debug|Any CPU = Debug|Any CPU
		Release|Any CPU = Release|Any CPU
	EndGlobalSection
	GlobalSection(ProjectConfigurationPlatforms) = postSolution
		{A28BBAA2-3034-419A-8632-688993DCFBE5}.Debug|Any CPU.ActiveCfg = Debug|Any CPU
		{A28BBAA2-3034-419A-8632-688993DCFBE5}.Debug|Any CPU.Build.0 = Debug|Any CPU
		{A28BBAA2-3034-419A-8632-688993DCFBE5}.Release|Any CPU.ActiveCfg = Release|Any CPU
		{A28BBAA2-3034-419A-8632-688993DCFBE5}.Release|Any CPU.Build.0 = Release|Any CPU
		{B1465F46-1C09-423A-8204-002715F28A69}.Debug|Any CPU.ActiveCfg = Debug|Any CPU
		{B1465F46-1C09-423A-8204-002715F28A69}.Debug|Any CPU.Build.0 = Debug|Any CPU
		{B1465F46-1C09-423A-8204-002715F28A69}.Release|Any CPU.ActiveCfg = Release|Any CPU
		{B1465F46-1C09-423A-8204-002715F28A69}.Release|Any CPU.Build.0 = Release|Any CPU
	EndGlobalSection
	GlobalSection(SolutionProperties) = preSolution
		HideSolutionNode = FALSE
	EndGlobalSection
	GlobalSection(ExtensibilityGlobals) = postSolution
		SolutionGuid = {952731DE-5746-4EBE-B5D8-AE5FBDE603F3}
	EndGlobalSection
EndGlobal
